{
  "name": "strikeentco_lib",
  "version": "1.0.0",
  "lockfileVersion": 2,
  "requires": true,
  "packages": {
    "": {
      "name": "strikeentco_lib",
      "version": "1.0.0",
      "license": "ISC",
      "dependencies": {
        "@strikeentco/set": "1.0.2"
      },
      "devDependencies": {}
    },
    "node_modules/@strikeentco/set": {
      "version": "1.0.2",
      "resolved": "https://registry.npmjs.org/@strikeentco/set/-/set-1.0.2.tgz",
      "integrity": "sha512-jP/wGhBi70RoD2Ww2bd3Ay4nzKfyWSPL/sDgFaq2e/FXNC9a04R0M7fuDVHG/dG+WWNVj2pmE9exXn20a0AjGg==",
      "engines": {
        "node": ">=6.0.0"
      }
    }
  },
  "dependencies": {
    "@strikeentco/set": {
      "version": "1.0.2",
      "resolved": "https://registry.npmjs.org/@strikeentco/set/-/set-1.0.2.tgz",
      "integrity": "sha512-jP/wGhBi70RoD2Ww2bd3Ay4nzKfyWSPL/sDgFaq2e/FXNC9a04R0M7fuDVHG/dG+WWNVj2pmE9exXn20a0AjGg=="
    }
  }
}
