{
  "name": "mixin_deep_lib",
  "version": "1.0.0",
  "lockfileVersion": 2,
  "requires": true,
  "packages": {
    "": {
      "name": "mixin_deep_lib",
      "version": "1.0.0",
      "license": "ISC",
      "dependencies": {
        "mixin-deep": "2.0.1"
      },
      "devDependencies": {}
    },
    "node_modules/mixin-deep": {
      "version": "2.0.1",
      "resolved": "https://registry.npmjs.org/mixin-deep/-/mixin-deep-2.0.1.tgz",
      "integrity": "sha512-imbHQNRglyaplMmjBLL3V5R6Bfq5oM+ivds3SKgc6oRtzErEnBUUc5No11Z2pilkUvl42gJvi285xTNswcKCMA==",
      "deprecated": "Critical bug fixed in v2.0.1, please upgrade to the latest version.",
      "engines": {
        "node": ">=4"
      }
    }
  },
  "dependencies": {
    "mixin-deep": {
      "version": "2.0.1",
      "resolved": "https://registry.npmjs.org/mixin-deep/-/mixin-deep-2.0.1.tgz",
      "integrity": "sha512-imbHQNRglyaplMmjBLL3V5R6Bfq5oM+ivds3SKgc6oRtzErEnBUUc5No11Z2pilkUvl42gJvi285xTNswcKCMA=="
    }
  }
}
