{
  "name": "putil-merge_lib",
  "lockfileVersion": 2,
  "requires": true,
  "packages": {
    "": {
      "dependencies": {
        "putil-merge": "3.8.0"
      }
    },
    "node_modules/putil-merge": {
      "version": "3.8.0",
      "resolved": "https://registry.npmjs.org/putil-merge/-/putil-merge-3.8.0.tgz",
      "integrity": "sha512-5tXPafJawWFoYZWLhkYXZ7IC/qkI45HgJsgv36lJBeq3qjFZfUITZE01CmWUBIlIn9f1yDiikqgYERARhVmgrg==",
      "engines": {
        "node": ">= 6.0"
      }
    }
  },
  "dependencies": {
    "putil-merge": {
      "version": "3.8.0",
      "resolved": "https://registry.npmjs.org/putil-merge/-/putil-merge-3.8.0.tgz",
      "integrity": "sha512-5tXPafJawWFoYZWLhkYXZ7IC/qkI45HgJsgv36lJBeq3qjFZfUITZE01CmWUBIlIn9f1yDiikqgYERARhVmgrg=="
    }
  }
}
